{
    "_readme": [
        "This file locks the dependencies of your project to a known state",
        "Read more about it at http://getcomposer.org/doc/01-basic-usage.md#composer-lock-the-lock-file",
        "This file is @generated automatically"
    ],
    "hash": "45d24f997d263d062e9328fb234d46c4",
    "packages": [
        {
            "name": "rogeriopradoj/codeigniter",
            "version": "2.1.3",
            "source": {
                "type": "git",
                "url": "https://github.com/rogeriopradoj/codeigniter-composer.git",
                "reference": "495cc69b5674fb9de5683e8a64dbff5b659a7e60"
            },
            "dist": {
                "type": "zip",
                "url": "https://api.github.com/repos/rogeriopradoj/codeigniter-composer/zipball/495cc69b5674fb9de5683e8a64dbff5b659a7e60",
                "reference": "495cc69b5674fb9de5683e8a64dbff5b659a7e60",
                "shasum": ""
            },
            "require": {
                "php": ">=5.2.4"
            },
            "type": "library",
            "notification-url": "https://packagist.org/downloads/",
            "license": [
                "OSL-3.0"
            ],
            "description": "A way to install CodeIgniter via composer",
            "time": "2013-05-14 12:36:48"
        }
    ],
    "packages-dev": [
        {
            "name": "heroku/heroku-buildpack-php",
            "version": "v76",
            "source": {
                "type": "git",
                "url": "https://github.com/heroku/heroku-buildpack-php.git",
                "reference": "5a770b914549cf2a897cbbaf379eb5adf410d464"
            },
            "dist": {
                "type": "zip",
                "url": "https://api.github.com/repos/heroku/heroku-buildpack-php/zipball/5a770b914549cf2a897cbbaf379eb5adf410d464",
                "reference": "5a770b914549cf2a897cbbaf379eb5adf410d464",
                "shasum": ""
            },
            "bin": [
                "bin/heroku-hhvm-apache2",
                "bin/heroku-hhvm-nginx",
                "bin/heroku-php-apache2",
                "bin/heroku-php-nginx"
            ],
            "type": "library",
            "notification-url": "https://packagist.org/downloads/",
            "license": [
                "MIT"
            ],
            "authors": [
                {
                    "name": "David Zuelke",
                    "email": "dz@heroku.com"
                }
            ],
            "description": "Toolkit for starting a PHP application locally, with or without foreman, using the same config for PHP/HHVM and Apache2/Nginx as on Heroku",
            "homepage": "http://github.com/heroku/heroku-buildpack-php",
            "keywords": [
                "apache",
                "apache2",
                "foreman",
                "heroku",
                "hhvm",
                "nginx",
                "php"
            ],
            "time": "2015-09-08 13:40:29"
        }
    ],
    "aliases": [],
    "minimum-stability": "stable",
    "stability-flags": [],
    "prefer-stable": false,
    "prefer-lowest": false,
    "platform": [],
    "platform-dev": []
}
